
Microsoft Visual Studio Solution File, Format Version 12.00
# Visual Studio Version 16
VisualStudioVersion = 16.0.29728.190
MinimumVisualStudioVersion = 10.0.40219.1
Project("{FAE04EC0-301F-11D3-BF4B-00C04F79EFBC}") = "TRMDataManager", "TRMDataManager\TRMDataManager.csproj", "{2354AC9A-F393-4CE2-8134-00E99BF87E20}"
EndProject
Global
	GlobalSection(SolutionConfigurationPlatforms) = preSolution
		Debug|Any CPU = Debug|Any CPU
		Release|Any CPU = Release|Any CPU
	EndGlobalSection
	GlobalSection(ProjectConfigurationPlatforms) = postSolution
		{2354AC9A-F393-4CE2-8134-00E99BF87E20}.Debug|Any CPU.ActiveCfg = Debug|Any CPU
		{2354AC9A-F393-4CE2-8134-00E99BF87E20}.Debug|Any CPU.Build.0 = Debug|Any CPU
		{2354AC9A-F393-4CE2-8134-00E99BF87E20}.Release|Any CPU.ActiveCfg = Release|Any CPU
		{2354AC9A-F393-4CE2-8134-00E99BF87E20}.Release|Any CPU.Build.0 = Release|Any CPU
	EndGlobalSection
	GlobalSection(SolutionProperties) = preSolution
		HideSolutionNode = FALSE
	EndGlobalSection
	GlobalSection(ExtensibilityGlobals) = postSolution
		SolutionGuid = {D97F700D-52D9-4244-8BD5-E1FB07A3AEED}
	EndGlobalSection
EndGlobal
